
Microsoft Visual Studio Solution File, Format Version 12.00
# Visual Studio Version 16
VisualStudioVersion = 16.0.31019.35
MinimumVisualStudioVersion = 10.0.40219.1
Project("{FAE04EC0-301F-11D3-BF4B-00C04F79EFBC}") = "WebApiWithIdentity", "WebApiWithIdentity\WebApiWithIdentity.csproj", "{E5F1A30C-CD40-436E-9389-BD67A7E9223D}"
EndProject
Global
	GlobalSection(SolutionConfigurationPlatforms) = preSolution
		Debug|Any CPU = Debug|Any CPU
		Release|Any CPU = Release|Any CPU
	EndGlobalSection
	GlobalSection(ProjectConfigurationPlatforms) = postSolution
		{E5F1A30C-CD40-436E-9389-BD67A7E9223D}.Debug|Any CPU.ActiveCfg = Debug|Any CPU
		{E5F1A30C-CD40-436E-9389-BD67A7E9223D}.Debug|Any CPU.Build.0 = Debug|Any CPU
		{E5F1A30C-CD40-436E-9389-BD67A7E9223D}.Release|Any CPU.ActiveCfg = Release|Any CPU
		{E5F1A30C-CD40-436E-9389-BD67A7E9223D}.Release|Any CPU.Build.0 = Release|Any CPU
	EndGlobalSection
	GlobalSection(SolutionProperties) = preSolution
		HideSolutionNode = FALSE
	EndGlobalSection
	GlobalSection(ExtensibilityGlobals) = postSolution
		SolutionGuid = {D6815ED9-807D-4EEB-9486-87AA96EDF2B5}
	EndGlobalSection
EndGlobal
